
Microsoft Visual Studio Solution File, Format Version 12.00
# Visual Studio Version 17
VisualStudioVersion = 17.0.31903.59
MinimumVisualStudioVersion = 10.0.40219.1
Project("{2150E333-8FDC-42A3-9474-1A3956D46DE8}") = "backend", "backend", "{1AE8ACA6-933B-BF2A-3671-3E2EAC007D16}"
EndProject
Project("{2150E333-8FDC-42A3-9474-1A3956D46DE8}") = "Gateway", "Gateway", "{C1DD1228-602D-EDB8-34A7-988CF3C6ABE9}"
EndProject
Project("{FAE04EC0-301F-11D3-BF4B-00C04F79EFBC}") = "GameHub.Gateway", "backend\Gateway\GameHub.Gateway\GameHub.Gateway.csproj", "{93A6EB04-7BDC-4FE3-9A8F-E5D455893CC4}"
EndProject
Project("{2150E333-8FDC-42A3-9474-1A3956D46DE8}") = "Services", "Services", "{3C755975-A7BD-44BC-C8F9-5B13F14529BF}"
EndProject
Project("{FAE04EC0-301F-11D3-BF4B-00C04F79EFBC}") = "GameHub.UsersService", "backend\Services\GameHub.UsersService\GameHub.UsersService.csproj", "{82D21D4B-E4BC-4F7A-9330-47BA7F9010FB}"
EndProject
Project("{FAE04EC0-301F-11D3-BF4B-00C04F79EFBC}") = "GameHub.GamesCatalogService", "backend\Services\GameHub.GamesCatalogService\GameHub.GamesCatalogService.csproj", "{17742BCC-68DC-4575-9C04-4D0F2B916808}"
EndProject
Project("{FAE04EC0-301F-11D3-BF4B-00C04F79EFBC}") = "GameHub.MatchService", "backend\Services\GameHub.MatchService\GameHub.MatchService.csproj", "{C839C711-5365-41DC-AA6E-DFEBA746C06C}"
EndProject
Project("{2150E333-8FDC-42A3-9474-1A3956D46DE8}") = "Shared", "Shared", "{B9B6650B-7025-C9C0-BCFD-BDEDF1640D80}"
EndProject
Project("{FAE04EC0-301F-11D3-BF4B-00C04F79EFBC}") = "GameHub.Contracts", "backend\Shared\GameHub.Contracts\GameHub.Contracts.csproj", "{A571138F-DD63-476E-8D60-761D7DEC6D13}"
EndProject
Project("{FAE04EC0-301F-11D3-BF4B-00C04F79EFBC}") = "GameHub.BuildingBlocks", "backend\Shared\GameHub.BuildingBlocks\GameHub.BuildingBlocks.csproj", "{E480C4BC-F4AF-45E1-96D1-E8816BCFE9C0}"
EndProject
Global
	GlobalSection(SolutionConfigurationPlatforms) = preSolution
		Debug|Any CPU = Debug|Any CPU
		Debug|x64 = Debug|x64
		Debug|x86 = Debug|x86
		Release|Any CPU = Release|Any CPU
		Release|x64 = Release|x64
		Release|x86 = Release|x86
	EndGlobalSection
	GlobalSection(ProjectConfigurationPlatforms) = postSolution
		{93A6EB04-7BDC-4FE3-9A8F-E5D455893CC4}.Debug|Any CPU.ActiveCfg = Debug|Any CPU
		{93A6EB04-7BDC-4FE3-9A8F-E5D455893CC4}.Debug|Any CPU.Build.0 = Debug|Any CPU
		{93A6EB04-7BDC-4FE3-9A8F-E5D455893CC4}.Debug|x64.ActiveCfg = Debug|Any CPU
		{93A6EB04-7BDC-4FE3-9A8F-E5D455893CC4}.Debug|x64.Build.0 = Debug|Any CPU
		{93A6EB04-7BDC-4FE3-9A8F-E5D455893CC4}.Debug|x86.ActiveCfg = Debug|Any CPU
		{93A6EB04-7BDC-4FE3-9A8F-E5D455893CC4}.Debug|x86.Build.0 = Debug|Any CPU
		{93A6EB04-7BDC-4FE3-9A8F-E5D455893CC4}.Release|Any CPU.ActiveCfg = Release|Any CPU
		{93A6EB04-7BDC-4FE3-9A8F-E5D455893CC4}.Release|Any CPU.Build.0 = Release|Any CPU
		{93A6EB04-7BDC-4FE3-9A8F-E5D455893CC4}.Release|x64.ActiveCfg = Release|Any CPU
		{93A6EB04-7BDC-4FE3-9A8F-E5D455893CC4}.Release|x64.Build.0 = Release|Any CPU
		{93A6EB04-7BDC-4FE3-9A8F-E5D455893CC4}.Release|x86.ActiveCfg = Release|Any CPU
		{93A6EB04-7BDC-4FE3-9A8F-E5D455893CC4}.Release|x86.Build.0 = Release|Any CPU
		{82D21D4B-E4BC-4F7A-9330-47BA7F9010FB}.Debug|Any CPU.ActiveCfg = Debug|Any CPU
		{82D21D4B-E4BC-4F7A-9330-47BA7F9010FB}.Debug|Any CPU.Build.0 = Debug|Any CPU
		{82D21D4B-E4BC-4F7A-9330-47BA7F9010FB}.Debug|x64.ActiveCfg = Debug|Any CPU
		{82D21D4B-E4BC-4F7A-9330-47BA7F9010FB}.Debug|x64.Build.0 = Debug|Any CPU
		{82D21D4B-E4BC-4F7A-9330-47BA7F9010FB}.Debug|x86.ActiveCfg = Debug|Any CPU
		{82D21D4B-E4BC-4F7A-9330-47BA7F9010FB}.Debug|x86.Build.0 = Debug|Any CPU
		{82D21D4B-E4BC-4F7A-9330-47BA7F9010FB}.Release|Any CPU.ActiveCfg = Release|Any CPU
		{82D21D4B-E4BC-4F7A-9330-47BA7F9010FB}.Release|Any CPU.Build.0 = Release|Any CPU
		{82D21D4B-E4BC-4F7A-9330-47BA7F9010FB}.Release|x64.ActiveCfg = Release|Any CPU
		{82D21D4B-E4BC-4F7A-9330-47BA7F9010FB}.Release|x64.Build.0 = Release|Any CPU
		{82D21D4B-E4BC-4F7A-9330-47BA7F9010FB}.Release|x86.ActiveCfg = Release|Any CPU
		{82D21D4B-E4BC-4F7A-9330-47BA7F9010FB}.Release|x86.Build.0 = Release|Any CPU
		{17742BCC-68DC-4575-9C04-4D0F2B916808}.Debug|Any CPU.ActiveCfg = Debug|Any CPU
		{17742BCC-68DC-4575-9C04-4D0F2B916808}.Debug|Any CPU.Build.0 = Debug|Any CPU
		{17742BCC-68DC-4575-9C04-4D0F2B916808}.Debug|x64.ActiveCfg = Debug|Any CPU
		{17742BCC-68DC-4575-9C04-4D0F2B916808}.Debug|x64.Build.0 = Debug|Any CPU
		{17742BCC-68DC-4575-9C04-4D0F2B916808}.Debug|x86.ActiveCfg = Debug|Any CPU
		{17742BCC-68DC-4575-9C04-4D0F2B916808}.Debug|x86.Build.0 = Debug|Any CPU
		{17742BCC-68DC-4575-9C04-4D0F2B916808}.Release|Any CPU.ActiveCfg = Release|Any CPU
		{17742BCC-68DC-4575-9C04-4D0F2B916808}.Release|Any CPU.Build.0 = Release|Any CPU
		{17742BCC-68DC-4575-9C04-4D0F2B916808}.Release|x64.ActiveCfg = Release|Any CPU
		{17742BCC-68DC-4575-9C04-4D0F2B916808}.Release|x64.Build.0 = Release|Any CPU
		{17742BCC-68DC-4575-9C04-4D0F2B916808}.Release|x86.ActiveCfg = Release|Any CPU
		{17742BCC-68DC-4575-9C04-4D0F2B916808}.Release|x86.Build.0 = Release|Any CPU
		{C839C711-5365-41DC-AA6E-DFEBA746C06C}.Debug|Any CPU.ActiveCfg = Debug|Any CPU
		{C839C711-5365-41DC-AA6E-DFEBA746C06C}.Debug|Any CPU.Build.0 = Debug|Any CPU
		{C839C711-5365-41DC-AA6E-DFEBA746C06C}.Debug|x64.ActiveCfg = Debug|Any CPU
		{C839C711-5365-41DC-AA6E-DFEBA746C06C}.Debug|x64.Build.0 = Debug|Any CPU
		{C839C711-5365-41DC-AA6E-DFEBA746C06C}.Debug|x86.ActiveCfg = Debug|Any CPU
		{C839C711-5365-41DC-AA6E-DFEBA746C06C}.Debug|x86.Build.0 = Debug|Any CPU
		{C839C711-5365-41DC-AA6E-DFEBA746C06C}.Release|Any CPU.ActiveCfg = Release|Any CPU
		{C839C711-5365-41DC-AA6E-DFEBA746C06C}.Release|Any CPU.Build.0 = Release|Any CPU
		{C839C711-5365-41DC-AA6E-DFEBA746C06C}.Release|x64.ActiveCfg = Release|Any CPU
		{C839C711-5365-41DC-AA6E-DFEBA746C06C}.Release|x64.Build.0 = Release|Any CPU
		{C839C711-5365-41DC-AA6E-DFEBA746C06C}.Release|x86.ActiveCfg = Release|Any CPU
		{C839C711-5365-41DC-AA6E-DFEBA746C06C}.Release|x86.Build.0 = Release|Any CPU
		{A571138F-DD63-476E-8D60-761D7DEC6D13}.Debug|Any CPU.ActiveCfg = Debug|Any CPU
		{A571138F-DD63-476E-8D60-761D7DEC6D13}.Debug|Any CPU.Build.0 = Debug|Any CPU
		{A571138F-DD63-476E-8D60-761D7DEC6D13}.Debug|x64.ActiveCfg = Debug|Any CPU
		{A571138F-DD63-476E-8D60-761D7DEC6D13}.Debug|x64.Build.0 = Debug|Any CPU
		{A571138F-DD63-476E-8D60-761D7DEC6D13}.Debug|x86.ActiveCfg = Debug|Any CPU
		{A571138F-DD63-476E-8D60-761D7DEC6D13}.Debug|x86.Build.0 = Debug|Any CPU
		{A571138F-DD63-476E-8D60-761D7DEC6D13}.Release|Any CPU.ActiveCfg = Release|Any CPU
		{A571138F-DD63-476E-8D60-761D7DEC6D13}.Release|Any CPU.Build.0 = Release|Any CPU
		{A571138F-DD63-476E-8D60-761D7DEC6D13}.Release|x64.ActiveCfg = Release|Any CPU
		{A571138F-DD63-476E-8D60-761D7DEC6D13}.Release|x64.Build.0 = Release|Any CPU
		{A571138F-DD63-476E-8D60-761D7DEC6D13}.Release|x86.ActiveCfg = Release|Any CPU
		{A571138F-DD63-476E-8D60-761D7DEC6D13}.Release|x86.Build.0 = Release|Any CPU
		{E480C4BC-F4AF-45E1-96D1-E8816BCFE9C0}.Debug|Any CPU.ActiveCfg = Debug|Any CPU
		{E480C4BC-F4AF-45E1-96D1-E8816BCFE9C0}.Debug|Any CPU.Build.0 = Debug|Any CPU
		{E480C4BC-F4AF-45E1-96D1-E8816BCFE9C0}.Debug|x64.ActiveCfg = Debug|Any CPU
		{E480C4BC-F4AF-45E1-96D1-E8816BCFE9C0}.Debug|x64.Build.0 = Debug|Any CPU
		{E480C4BC-F4AF-45E1-96D1-E8816BCFE9C0}.Debug|x86.ActiveCfg = Debug|Any CPU
		{E480C4BC-F4AF-45E1-96D1-E8816BCFE9C0}.Debug|x86.Build.0 = Debug|Any CPU
		{E480C4BC-F4AF-45E1-96D1-E8816BCFE9C0}.Release|Any CPU.ActiveCfg = Release|Any CPU
		{E480C4BC-F4AF-45E1-96D1-E8816BCFE9C0}.Release|Any CPU.Build.0 = Release|Any CPU
		{E480C4BC-F4AF-45E1-96D1-E8816BCFE9C0}.Release|x64.ActiveCfg = Release|Any CPU
		{E480C4BC-F4AF-45E1-96D1-E8816BCFE9C0}.Release|x64.Build.0 = Release|Any CPU
		{E480C4BC-F4AF-45E1-96D1-E8816BCFE9C0}.Release|x86.ActiveCfg = Release|Any CPU
		{E480C4BC-F4AF-45E1-96D1-E8816BCFE9C0}.Release|x86.Build.0 = Release|Any CPU
	EndGlobalSection
	GlobalSection(SolutionProperties) = preSolution
		HideSolutionNode = FALSE
	EndGlobalSection
	GlobalSection(NestedProjects) = preSolution
		{C1DD1228-602D-EDB8-34A7-988CF3C6ABE9} = {1AE8ACA6-933B-BF2A-3671-3E2EAC007D16}
		{93A6EB04-7BDC-4FE3-9A8F-E5D455893CC4} = {C1DD1228-602D-EDB8-34A7-988CF3C6ABE9}
		{3C755975-A7BD-44BC-C8F9-5B13F14529BF} = {1AE8ACA6-933B-BF2A-3671-3E2EAC007D16}
		{82D21D4B-E4BC-4F7A-9330-47BA7F9010FB} = {3C755975-A7BD-44BC-C8F9-5B13F14529BF}
		{17742BCC-68DC-4575-9C04-4D0F2B916808} = {3C755975-A7BD-44BC-C8F9-5B13F14529BF}
		{C839C711-5365-41DC-AA6E-DFEBA746C06C} = {3C755975-A7BD-44BC-C8F9-5B13F14529BF}
		{B9B6650B-7025-C9C0-BCFD-BDEDF1640D80} = {1AE8ACA6-933B-BF2A-3671-3E2EAC007D16}
		{A571138F-DD63-476E-8D60-761D7DEC6D13} = {B9B6650B-7025-C9C0-BCFD-BDEDF1640D80}
		{E480C4BC-F4AF-45E1-96D1-E8816BCFE9C0} = {B9B6650B-7025-C9C0-BCFD-BDEDF1640D80}
	EndGlobalSection
EndGlobal
